// !$*UTF8*$!
{
	archiveVersion = 1;
	classes = {
	};
	objectVersion = 48;
	objects = {

/* Begin PBXBuildFile section */
		0A1CB29D15B00E7A0012FCC7 /* wirtual_joy.cpp in Sources */ = {isa = PBXBuildFile; fileRef = 0A1CB29B15B00E7A0012FCC7 /* wirtual_joy.cpp */; settings = {COMPILER_FLAGS = "-fno-objc-arc"; }; };
		0A1CB2C315B015BA0012FCC7 /* wirtual_joy_user_client.cpp in Sources */ = {isa = PBXBuildFile; fileRef = 0A1CB2C115B015BA0012FCC7 /* wirtual_joy_user_client.cpp */; settings = {COMPILER_FLAGS = "-fno-objc-arc"; }; };
		0A1CB50615B03FA10012FCC7 /* wirtual_joy_device.cpp in Sources */ = {isa = PBXBuildFile; fileRef = 0A1CB50415B03FA10012FCC7 /* wirtual_joy_device.cpp */; settings = {COMPILER_FLAGS = "-fno-objc-arc"; }; };
		0A46959415B58CEE003AB8FD /* WJoyToolMain.m in Sources */ = {isa = PBXBuildFile; fileRef = 0A46928615B578CB003AB8FD /* WJoyToolMain.m */; };
		0A46961415B593D4003AB8FD /* WJoyDevice.h in Headers */ = {isa = PBXBuildFile; fileRef = 0A4691E715B56A1A003AB8FD /* WJoyDevice.h */; settings = {ATTRIBUTES = (Public, ); }; };
		0A46962015B593E7003AB8FD /* WJoyAdminToolRight.m in Sources */ = {isa = PBXBuildFile; fileRef = 0A46924D15B571E8003AB8FD /* WJoyAdminToolRight.m */; };
		0A46962115B593E7003AB8FD /* WJoyTool.m in Sources */ = {isa = PBXBuildFile; fileRef = 0A46959E15B58D5A003AB8FD /* WJoyTool.m */; };
		0A46962215B593E7003AB8FD /* WJoyDeviceImpl.m in Sources */ = {isa = PBXBuildFile; fileRef = 0A4691EF15B56A51003AB8FD /* WJoyDeviceImpl.m */; };
		0A46962315B593E7003AB8FD /* WJoyDevice.m in Sources */ = {isa = PBXBuildFile; fileRef = 0A4691E815B56A1A003AB8FD /* WJoyDevice.m */; };
		0A46966815B593F6003AB8FD /* IOKit.framework in Frameworks */ = {isa = PBXBuildFile; fileRef = 0A1CB32615B022BD0012FCC7 /* IOKit.framework */; };
		0A46966915B593F6003AB8FD /* Security.framework in Frameworks */ = {isa = PBXBuildFile; fileRef = 0A46925815B571F7003AB8FD /* Security.framework */; };
		0A4696EC15B59587003AB8FD /* WirtualJoy.framework in Copy Frameworks */ = {isa = PBXBuildFile; fileRef = 0A46960715B593A2003AB8FD /* WirtualJoy.framework */; settings = {ATTRIBUTES = (CodeSignOnCopy, ); }; };
		0A4696F915B595F1003AB8FD /* test.m in Sources */ = {isa = PBXBuildFile; fileRef = 0A4696F815B595F1003AB8FD /* test.m */; };
		0A46971615B5970A003AB8FD /* WirtualJoy.framework in Frameworks */ = {isa = PBXBuildFile; fileRef = 0A46960715B593A2003AB8FD /* WirtualJoy.framework */; };
		3C2B85A3263CDA3700713A24 /* HIDDriverKit.framework in Frameworks */ = {isa = PBXBuildFile; fileRef = 3C2B85A2263CDA3700713A24 /* HIDDriverKit.framework */; };
		3C2B85BF263CF6C600713A24 /* DextManager.m in Sources */ = {isa = PBXBuildFile; fileRef = 3C2B85BD263CF6C600713A24 /* DextManager.m */; };
		3C2B85E7263D013000713A24 /* SystemExtensions.framework in Frameworks */ = {isa = PBXBuildFile; fileRef = 3C2B85E6263D013000713A24 /* SystemExtensions.framework */; };
		3C3074D0263C76BD00661748 /* DriverKit.framework in Frameworks */ = {isa = PBXBuildFile; fileRef = 3C3074CF263C76BD00661748 /* DriverKit.framework */; };
		3C3074D3263C76BD00661748 /* ca_igregory_WiiController.cpp in Sources */ = {isa = PBXBuildFile; fileRef = 3C3074D2263C76BD00661748 /* ca_igregory_WiiController.cpp */; };
		3C3074D5263C76BD00661748 /* ca_igregory_WiiController.iig in Sources */ = {isa = PBXBuildFile; fileRef = 3C3074D4263C76BD00661748 /* ca_igregory_WiiController.iig */; };
		3C3074DA263C76BD00661748 /* ca.igregory.WiiController.dext.dext in Embed System Extensions */ = {isa = PBXBuildFile; fileRef = 3C3074CE263C76BD00661748 /* ca.igregory.WiiController.dext.dext */; settings = {ATTRIBUTES = (RemoveHeadersOnCopy, ); }; };
		3C3074E5263C925D00661748 /* ca_igregory_WiiController_UserClient.iig in Sources */ = {isa = PBXBuildFile; fileRef = 3C3074E4263C925800661748 /* ca_igregory_WiiController_UserClient.iig */; };
		3C3074EB263C94E300661748 /* ca_igregory_WiiController_UserClient.cpp in Sources */ = {isa = PBXBuildFile; fileRef = 3C3074EA263C94E300661748 /* ca_igregory_WiiController_UserClient.cpp */; };
		3C3074F5263CA94000661748 /* ca_igregory_WiiController_Device.cpp in Sources */ = {isa = PBXBuildFile; fileRef = 3C3074F4263CA94000661748 /* ca_igregory_WiiController_Device.cpp */; };
		3C3074FB263CA94800661748 /* ca_igregory_WiiController_Device.iig in Sources */ = {isa = PBXBuildFile; fileRef = 3C3074FA263CA94800661748 /* ca_igregory_WiiController_Device.iig */; };
		3CAB09612493641B003D86AB /* IOKit.framework in Frameworks */ = {isa = PBXBuildFile; fileRef = 0A1CB32615B022BD0012FCC7 /* IOKit.framework */; };
		ED22509FAE6ECBFCF2270050 /* STPrivilegedTask.h in Headers */ = {isa = PBXBuildFile; fileRef = ED2254E72EC36EC17E2D341A /* STPrivilegedTask.h */; };
		ED2255043083DB9B8CAEA17D /* STPrivilegedTask.m in Sources */ = {isa = PBXBuildFile; fileRef = ED2258E16C66CE05147C7C4F /* STPrivilegedTask.m */; };
/* End PBXBuildFile section */

/* Begin PBXContainerItemProxy section */
		0A4696EA15B59583003AB8FD /* PBXContainerItemProxy */ = {
			isa = PBXContainerItemProxy;
			containerPortal = 089C1669FE841209C02AAC07 /* Project object */;
			proxyType = 1;
			remoteGlobalIDString = 0A46960615B593A2003AB8FD;
			remoteInfo = WirtualJoy;
		};
		3C3074D8263C76BD00661748 /* PBXContainerItemProxy */ = {
			isa = PBXContainerItemProxy;
			containerPortal = 089C1669FE841209C02AAC07 /* Project object */;
			proxyType = 1;
			remoteGlobalIDString = 3C3074CD263C76BD00661748;
			remoteInfo = wiicontroller;
		};
		3CDB42A3263E17F900496F63 /* PBXContainerItemProxy */ = {
			isa = PBXContainerItemProxy;
			containerPortal = 089C1669FE841209C02AAC07 /* Project object */;
			proxyType = 1;
			remoteGlobalIDString = 3C3074CD263C76BD00661748;
			remoteInfo = wiicontroller;
		};
/* End PBXContainerItemProxy section */

/* Begin PBXCopyFilesBuildPhase section */
		0A4696E915B5957B003AB8FD /* Copy Frameworks */ = {
			isa = PBXCopyFilesBuildPhase;
			buildActionMask = 2147483647;
			dstPath = "";
			dstSubfolderSpec = 10;
			files = (
				0A4696EC15B59587003AB8FD /* WirtualJoy.framework in Copy Frameworks */,
			);
			name = "Copy Frameworks";
			runOnlyForDeploymentPostprocessing = 0;
		};
		3C3074DB263C76BD00661748 /* Embed System Extensions */ = {
			isa = PBXCopyFilesBuildPhase;
			buildActionMask = 2147483647;
			dstPath = "$(SYSTEM_EXTENSIONS_FOLDER_PATH)";
			dstSubfolderSpec = 16;
			files = (
				3C3074DA263C76BD00661748 /* ca.igregory.WiiController.dext.dext in Embed System Extensions */,
			);
			name = "Embed System Extensions";
			runOnlyForDeploymentPostprocessing = 0;
		};
/* End PBXCopyFilesBuildPhase section */

/* Begin PBXFileReference section */
		0A1CB29A15B00E7A0012FCC7 /* wirtual_joy.h */ = {isa = PBXFileReference; fileEncoding = 4; lastKnownFileType = sourcecode.c.h; path = wirtual_joy.h; sourceTree = "<group>"; };
		0A1CB29B15B00E7A0012FCC7 /* wirtual_joy.cpp */ = {isa = PBXFileReference; fileEncoding = 4; lastKnownFileType = sourcecode.cpp.cpp; path = wirtual_joy.cpp; sourceTree = "<group>"; };
		0A1CB2C015B015BA0012FCC7 /* wirtual_joy_user_client.h */ = {isa = PBXFileReference; fileEncoding = 4; lastKnownFileType = sourcecode.c.h; path = wirtual_joy_user_client.h; sourceTree = "<group>"; };
		0A1CB2C115B015BA0012FCC7 /* wirtual_joy_user_client.cpp */ = {isa = PBXFileReference; fileEncoding = 4; lastKnownFileType = sourcecode.cpp.cpp; path = wirtual_joy_user_client.cpp; sourceTree = "<group>"; };
		0A1CB32615B022BD0012FCC7 /* IOKit.framework */ = {isa = PBXFileReference; lastKnownFileType = wrapper.framework; name = IOKit.framework; path = System/Library/Frameworks/IOKit.framework; sourceTree = SDKROOT; };
		0A1CB50315B03FA10012FCC7 /* wirtual_joy_device.h */ = {isa = PBXFileReference; fileEncoding = 4; lastKnownFileType = sourcecode.c.h; path = wirtual_joy_device.h; sourceTree = "<group>"; };
		0A1CB50415B03FA10012FCC7 /* wirtual_joy_device.cpp */ = {isa = PBXFileReference; fileEncoding = 4; lastKnownFileType = sourcecode.cpp.cpp; path = wirtual_joy_device.cpp; sourceTree = "<group>"; };
		0A4691E715B56A1A003AB8FD /* WJoyDevice.h */ = {isa = PBXFileReference; fileEncoding = 4; lastKnownFileType = sourcecode.c.h; path = WJoyDevice.h; sourceTree = "<group>"; };
		0A4691E815B56A1A003AB8FD /* WJoyDevice.m */ = {isa = PBXFileReference; fileEncoding = 4; lastKnownFileType = sourcecode.c.objc; path = WJoyDevice.m; sourceTree = "<group>"; };
		0A4691EE15B56A51003AB8FD /* WJoyDeviceImpl.h */ = {isa = PBXFileReference; fileEncoding = 4; lastKnownFileType = sourcecode.c.h; path = WJoyDeviceImpl.h; sourceTree = "<group>"; };
		0A4691EF15B56A51003AB8FD /* WJoyDeviceImpl.m */ = {isa = PBXFileReference; fileEncoding = 4; lastKnownFileType = sourcecode.c.objc; path = WJoyDeviceImpl.m; sourceTree = "<group>"; };
		0A46924C15B571E8003AB8FD /* WJoyAdminToolRight.h */ = {isa = PBXFileReference; fileEncoding = 4; lastKnownFileType = sourcecode.c.h; path = WJoyAdminToolRight.h; sourceTree = "<group>"; };
		0A46924D15B571E8003AB8FD /* WJoyAdminToolRight.m */ = {isa = PBXFileReference; fileEncoding = 4; lastKnownFileType = sourcecode.c.objc; path = WJoyAdminToolRight.m; sourceTree = "<group>"; };
		0A46925815B571F7003AB8FD /* Security.framework */ = {isa = PBXFileReference; lastKnownFileType = wrapper.framework; name = Security.framework; path = System/Library/Frameworks/Security.framework; sourceTree = SDKROOT; };
		0A46928615B578CB003AB8FD /* WJoyToolMain.m */ = {isa = PBXFileReference; fileEncoding = 4; lastKnownFileType = sourcecode.c.objc; path = WJoyToolMain.m; sourceTree = "<group>"; };
		0A4692C315B57A1F003AB8FD /* WJoyToolInterface.h */ = {isa = PBXFileReference; fileEncoding = 4; lastKnownFileType = sourcecode.c.h; path = WJoyToolInterface.h; sourceTree = "<group>"; };
		0A46958E15B58CE1003AB8FD /* WJoyTool */ = {isa = PBXFileReference; explicitFileType = "compiled.mach-o.executable"; includeInIndex = 0; path = WJoyTool; sourceTree = BUILT_PRODUCTS_DIR; };
		0A46959D15B58D5A003AB8FD /* WJoyTool.h */ = {isa = PBXFileReference; fileEncoding = 4; lastKnownFileType = sourcecode.c.h; path = WJoyTool.h; sourceTree = "<group>"; };
		0A46959E15B58D5A003AB8FD /* WJoyTool.m */ = {isa = PBXFileReference; fileEncoding = 4; lastKnownFileType = sourcecode.c.objc; path = WJoyTool.m; sourceTree = "<group>"; };
		0A46960715B593A2003AB8FD /* WirtualJoy.framework */ = {isa = PBXFileReference; explicitFileType = wrapper.framework; includeInIndex = 0; path = WirtualJoy.framework; sourceTree = BUILT_PRODUCTS_DIR; };
		0A46960815B593A2003AB8FD /* WirtualJoy-Info.plist */ = {isa = PBXFileReference; lastKnownFileType = text.plist.xml; path = "WirtualJoy-Info.plist"; sourceTree = "<group>"; };
		0A4696CE15B5953E003AB8FD /* Test.app */ = {isa = PBXFileReference; explicitFileType = wrapper.application; includeInIndex = 0; path = Test.app; sourceTree = BUILT_PRODUCTS_DIR; };
		0A4696D015B5953E003AB8FD /* Test-Info.plist */ = {isa = PBXFileReference; lastKnownFileType = text.plist.xml; path = "Test-Info.plist"; sourceTree = "<group>"; };
		0A4696F815B595F1003AB8FD /* test.m */ = {isa = PBXFileReference; fileEncoding = 4; lastKnownFileType = sourcecode.c.objc; path = test.m; sourceTree = "<group>"; };
		0A469B1115B5AD59003AB8FD /* wirtual_joy_config.h */ = {isa = PBXFileReference; fileEncoding = 4; lastKnownFileType = sourcecode.c.h; path = wirtual_joy_config.h; sourceTree = "<group>"; };
		0A469B1215B5AD59003AB8FD /* wirtual_joy_debug.h */ = {isa = PBXFileReference; fileEncoding = 4; lastKnownFileType = sourcecode.c.h; path = wirtual_joy_debug.h; sourceTree = "<group>"; };
		32D94FCF0562CBF700B6AF17 /* Info.plist */ = {isa = PBXFileReference; lastKnownFileType = text.plist.xml; path = Info.plist; sourceTree = "<group>"; };
		32D94FD00562CBF700B6AF17 /* wjoy.kext */ = {isa = PBXFileReference; explicitFileType = wrapper.cfbundle; includeInIndex = 0; path = wjoy.kext; sourceTree = BUILT_PRODUCTS_DIR; };
		3C2B85A2263CDA3700713A24 /* HIDDriverKit.framework */ = {isa = PBXFileReference; lastKnownFileType = wrapper.framework; name = HIDDriverKit.framework; path = Platforms/MacOSX.platform/Developer/SDKs/DriverKit20.2.sdk/System/DriverKit/System/Library/Frameworks/HIDDriverKit.framework; sourceTree = DEVELOPER_DIR; };
		3C2B85BC263CF6C600713A24 /* DextManager.h */ = {isa = PBXFileReference; lastKnownFileType = sourcecode.c.h; path = DextManager.h; sourceTree = "<group>"; };
		3C2B85BD263CF6C600713A24 /* DextManager.m */ = {isa = PBXFileReference; lastKnownFileType = sourcecode.c.objc; path = DextManager.m; sourceTree = "<group>"; };
		3C2B85C8263CF79300713A24 /* DriverManager.h */ = {isa = PBXFileReference; lastKnownFileType = sourcecode.c.h; path = DriverManager.h; sourceTree = "<group>"; };
		3C2B85E6263D013000713A24 /* SystemExtensions.framework */ = {isa = PBXFileReference; lastKnownFileType = wrapper.framework; name = SystemExtensions.framework; path = System/Library/Frameworks/SystemExtensions.framework; sourceTree = SDKROOT; };
		3C3074CE263C76BD00661748 /* ca.igregory.WiiController.dext.dext */ = {isa = PBXFileReference; explicitFileType = "wrapper.driver-extension"; includeInIndex = 0; path = ca.igregory.WiiController.dext.dext; sourceTree = BUILT_PRODUCTS_DIR; };
		3C3074CF263C76BD00661748 /* DriverKit.framework */ = {isa = PBXFileReference; lastKnownFileType = wrapper.framework; name = DriverKit.framework; path = System/Library/Frameworks/DriverKit.framework; sourceTree = SDKROOT; };
		3C3074D2263C76BD00661748 /* ca_igregory_WiiController.cpp */ = {isa = PBXFileReference; lastKnownFileType = sourcecode.cpp.cpp; path = ca_igregory_WiiController.cpp; sourceTree = "<group>"; };
		3C3074D4263C76BD00661748 /* ca_igregory_WiiController.iig */ = {isa = PBXFileReference; lastKnownFileType = sourcecode.iig; path = ca_igregory_WiiController.iig; sourceTree = "<group>"; };
		3C3074D6263C76BD00661748 /* Info.plist */ = {isa = PBXFileReference; lastKnownFileType = text.plist.xml; path = Info.plist; sourceTree = "<group>"; };
		3C3074D7263C76BD00661748 /* wiicontroller.entitlements */ = {isa = PBXFileReference; lastKnownFileType = text.plist.entitlements; path = wiicontroller.entitlements; sourceTree = "<group>"; };
		3C3074E4263C925800661748 /* ca_igregory_WiiController_UserClient.iig */ = {isa = PBXFileReference; lastKnownFileType = sourcecode.iig; path = ca_igregory_WiiController_UserClient.iig; sourceTree = "<group>"; };
		3C3074EA263C94E300661748 /* ca_igregory_WiiController_UserClient.cpp */ = {isa = PBXFileReference; lastKnownFileType = sourcecode.cpp.cpp; path = ca_igregory_WiiController_UserClient.cpp; sourceTree = "<group>"; };
		3C3074F4263CA94000661748 /* ca_igregory_WiiController_Device.cpp */ = {isa = PBXFileReference; fileEncoding = 4; lastKnownFileType = sourcecode.cpp.cpp; path = ca_igregory_WiiController_Device.cpp; sourceTree = "<group>"; };
		3C3074FA263CA94800661748 /* ca_igregory_WiiController_Device.iig */ = {isa = PBXFileReference; fileEncoding = 4; lastKnownFileType = sourcecode.iig; path = ca_igregory_WiiController_Device.iig; sourceTree = "<group>"; };
		3CB6CCFB249C51FD002B2FAA /* wirtual_joy_helper.h */ = {isa = PBXFileReference; fileEncoding = 4; lastKnownFileType = sourcecode.c.h; path = wirtual_joy_helper.h; sourceTree = "<group>"; };
		8DA8362C06AD9B9200E5AC22 /* Kernel.framework */ = {isa = PBXFileReference; lastKnownFileType = wrapper.framework; name = Kernel.framework; path = /System/Library/Frameworks/Kernel.framework; sourceTree = "<absolute>"; };
		ED2254E72EC36EC17E2D341A /* STPrivilegedTask.h */ = {isa = PBXFileReference; fileEncoding = 4; lastKnownFileType = sourcecode.c.h; path = STPrivilegedTask.h; sourceTree = "<group>"; };
		ED2258E16C66CE05147C7C4F /* STPrivilegedTask.m */ = {isa = PBXFileReference; fileEncoding = 4; lastKnownFileType = sourcecode.c.objc; path = STPrivilegedTask.m; sourceTree = "<group>"; };
/* End PBXFileReference section */

/* Begin PBXFrameworksBuildPhase section */
		0A46958C15B58CE1003AB8FD /* Frameworks */ = {
			isa = PBXFrameworksBuildPhase;
			buildActionMask = 2147483647;
			files = (
			);
			runOnlyForDeploymentPostprocessing = 0;
		};
		0A46960515B593A2003AB8FD /* Frameworks */ = {
			isa = PBXFrameworksBuildPhase;
			buildActionMask = 2147483647;
			files = (
				3C2B85E7263D013000713A24 /* SystemExtensions.framework in Frameworks */,
				0A46966815B593F6003AB8FD /* IOKit.framework in Frameworks */,
				0A46966915B593F6003AB8FD /* Security.framework in Frameworks */,
			);
			runOnlyForDeploymentPostprocessing = 0;
		};
		0A4696CC15B5953E003AB8FD /* Frameworks */ = {
			isa = PBXFrameworksBuildPhase;
			buildActionMask = 2147483647;
			files = (
				0A46971615B5970A003AB8FD /* WirtualJoy.framework in Frameworks */,
			);
			runOnlyForDeploymentPostprocessing = 0;
		};
		32D94FCB0562CBF700B6AF17 /* Frameworks */ = {
			isa = PBXFrameworksBuildPhase;
			buildActionMask = 2147483647;
			files = (
				3CAB09612493641B003D86AB /* IOKit.framework in Frameworks */,
			);
			runOnlyForDeploymentPostprocessing = 0;
		};
		3C3074CB263C76BD00661748 /* Frameworks */ = {
			isa = PBXFrameworksBuildPhase;
			buildActionMask = 2147483647;
			files = (
				3C3074D0263C76BD00661748 /* DriverKit.framework in Frameworks */,
				3C2B85A3263CDA3700713A24 /* HIDDriverKit.framework in Frameworks */,
			);
			runOnlyForDeploymentPostprocessing = 0;
		};
/* End PBXFrameworksBuildPhase section */

/* Begin PBXGroup section */
		089C166AFE841209C02AAC07 /* wjoy */ = {
			isa = PBXGroup;
			children = (
				247142CAFF3F8F9811CA285C /* Source */,
				0A468D5815B56812003AB8FD /* Frameworks */,
				19C28FB6FE9D52B211CA2CBB /* Products */,
			);
			name = wjoy;
			sourceTree = "<group>";
		};
		0A1CB31015B0221F0012FCC7 /* test */ = {
			isa = PBXGroup;
			children = (
				0A4696D015B5953E003AB8FD /* Test-Info.plist */,
				0A4696F815B595F1003AB8FD /* test.m */,
			);
			name = test;
			sourceTree = "<group>";
		};
		0A468D5815B56812003AB8FD /* Frameworks */ = {
			isa = PBXGroup;
			children = (
				3C2B85E6263D013000713A24 /* SystemExtensions.framework */,
				3C2B85A2263CDA3700713A24 /* HIDDriverKit.framework */,
				8DA8362C06AD9B9200E5AC22 /* Kernel.framework */,
				0A1CB32615B022BD0012FCC7 /* IOKit.framework */,
				0A46925815B571F7003AB8FD /* Security.framework */,
				3C3074CF263C76BD00661748 /* DriverKit.framework */,
			);
			name = Frameworks;
			sourceTree = "<group>";
		};
		0A4691BE15B568A7003AB8FD /* driver */ = {
			isa = PBXGroup;
			children = (
				0A469B1115B5AD59003AB8FD /* wirtual_joy_config.h */,
				3CB6CCFB249C51FD002B2FAA /* wirtual_joy_helper.h */,
				0A469B1215B5AD59003AB8FD /* wirtual_joy_debug.h */,
				0A1CB50315B03FA10012FCC7 /* wirtual_joy_device.h */,
				0A1CB50415B03FA10012FCC7 /* wirtual_joy_device.cpp */,
				0A1CB2C015B015BA0012FCC7 /* wirtual_joy_user_client.h */,
				0A1CB2C115B015BA0012FCC7 /* wirtual_joy_user_client.cpp */,
				0A1CB29A15B00E7A0012FCC7 /* wirtual_joy.h */,
				0A1CB29B15B00E7A0012FCC7 /* wirtual_joy.cpp */,
				32D94FCF0562CBF700B6AF17 /* Info.plist */,
			);
			name = driver;
			sourceTree = "<group>";
		};
		0A4691D915B5693B003AB8FD /* framework */ = {
			isa = PBXGroup;
			children = (
				0A4691EB15B56A2A003AB8FD /* internal */,
				0A4691E715B56A1A003AB8FD /* WJoyDevice.h */,
				0A4691E815B56A1A003AB8FD /* WJoyDevice.m */,
				0A46960815B593A2003AB8FD /* WirtualJoy-Info.plist */,
			);
			name = framework;
			sourceTree = "<group>";
		};
		0A4691EB15B56A2A003AB8FD /* internal */ = {
			isa = PBXGroup;
			children = (
				0A4691BE15B568A7003AB8FD /* driver */,
				0A46928315B578A5003AB8FD /* tool */,
				3C3074D1263C76BD00661748 /* dext */,
				3C2B85C8263CF79300713A24 /* DriverManager.h */,
				3C2B85BC263CF6C600713A24 /* DextManager.h */,
				3C2B85BD263CF6C600713A24 /* DextManager.m */,
				0A4691EE15B56A51003AB8FD /* WJoyDeviceImpl.h */,
				0A4691EF15B56A51003AB8FD /* WJoyDeviceImpl.m */,
			);
			name = internal;
			sourceTree = "<group>";
		};
		0A46928315B578A5003AB8FD /* tool */ = {
			isa = PBXGroup;
			children = (
				0A4692C315B57A1F003AB8FD /* WJoyToolInterface.h */,
				0A46924C15B571E8003AB8FD /* WJoyAdminToolRight.h */,
				0A46924D15B571E8003AB8FD /* WJoyAdminToolRight.m */,
				0A46959D15B58D5A003AB8FD /* WJoyTool.h */,
				0A46959E15B58D5A003AB8FD /* WJoyTool.m */,
				0A46928615B578CB003AB8FD /* WJoyToolMain.m */,
				ED2258E16C66CE05147C7C4F /* STPrivilegedTask.m */,
				ED2254E72EC36EC17E2D341A /* STPrivilegedTask.h */,
			);
			name = tool;
			sourceTree = "<group>";
		};
		19C28FB6FE9D52B211CA2CBB /* Products */ = {
			isa = PBXGroup;
			children = (
				32D94FD00562CBF700B6AF17 /* wjoy.kext */,
				0A46958E15B58CE1003AB8FD /* WJoyTool */,
				0A46960715B593A2003AB8FD /* WirtualJoy.framework */,
				0A4696CE15B5953E003AB8FD /* Test.app */,
				3C3074CE263C76BD00661748 /* ca.igregory.WiiController.dext.dext */,
			);
			name = Products;
			sourceTree = "<group>";
		};
		247142CAFF3F8F9811CA285C /* Source */ = {
			isa = PBXGroup;
			children = (
				0A4691D915B5693B003AB8FD /* framework */,
				0A1CB31015B0221F0012FCC7 /* test */,
			);
			name = Source;
			sourceTree = "<group>";
		};
		3C3074D1263C76BD00661748 /* dext */ = {
			isa = PBXGroup;
			children = (
				3C3074D4263C76BD00661748 /* ca_igregory_WiiController.iig */,
				3C3074D2263C76BD00661748 /* ca_igregory_WiiController.cpp */,
				3C3074FA263CA94800661748 /* ca_igregory_WiiController_Device.iig */,
				3C3074F4263CA94000661748 /* ca_igregory_WiiController_Device.cpp */,
				3C3074E4263C925800661748 /* ca_igregory_WiiController_UserClient.iig */,
				3C3074EA263C94E300661748 /* ca_igregory_WiiController_UserClient.cpp */,
				3C3074D6263C76BD00661748 /* Info.plist */,
				3C3074D7263C76BD00661748 /* wiicontroller.entitlements */,
			);
			path = dext;
			sourceTree = "<group>";
		};
/* End PBXGroup section */

/* Begin PBXHeadersBuildPhase section */
		0A46960215B593A2003AB8FD /* Headers */ = {
			isa = PBXHeadersBuildPhase;
			buildActionMask = 2147483647;
			files = (
				0A46961415B593D4003AB8FD /* WJoyDevice.h in Headers */,
				ED22509FAE6ECBFCF2270050 /* STPrivilegedTask.h in Headers */,
			);
			runOnlyForDeploymentPostprocessing = 0;
		};
		3C3074C9263C76BD00661748 /* Headers */ = {
			isa = PBXHeadersBuildPhase;
			buildActionMask = 2147483647;
			files = (
			);
			runOnlyForDeploymentPostprocessing = 0;
		};
/* End PBXHeadersBuildPhase section */

/* Begin PBXNativeTarget section */
		0A46958D15B58CE1003AB8FD /* WJoyTool */ = {
			isa = PBXNativeTarget;
			buildConfigurationList = 0A46959215B58CEC003AB8FD /* Build configuration list for PBXNativeTarget "WJoyTool" */;
			buildPhases = (
				0A46958B15B58CE1003AB8FD /* Sources */,
				0A46958C15B58CE1003AB8FD /* Frameworks */,
			);
			buildRules = (
			);
			dependencies = (
			);
			name = WJoyTool;
			productName = WJoyTool;
			productReference = 0A46958E15B58CE1003AB8FD /* WJoyTool */;
			productType = "com.apple.product-type.tool";
		};
		0A46960615B593A2003AB8FD /* WirtualJoy */ = {
			isa = PBXNativeTarget;
			buildConfigurationList = 0A46960C15B593A2003AB8FD /* Build configuration list for PBXNativeTarget "WirtualJoy" */;
			buildPhases = (
				0A46960215B593A2003AB8FD /* Headers */,
				0A46960315B593A2003AB8FD /* Resources */,
				0A46960415B593A2003AB8FD /* Sources */,
				0A46960515B593A2003AB8FD /* Frameworks */,
			);
			buildRules = (
			);
			dependencies = (
				3CDB42A4263E17F900496F63 /* PBXTargetDependency */,
			);
			name = WirtualJoy;
			productName = WirtualJoy;
			productReference = 0A46960715B593A2003AB8FD /* WirtualJoy.framework */;
			productType = "com.apple.product-type.framework";
		};
		0A4696CD15B5953E003AB8FD /* Test */ = {
			isa = PBXNativeTarget;
			buildConfigurationList = 0A4696D315B5953F003AB8FD /* Build configuration list for PBXNativeTarget "Test" */;
			buildPhases = (
				0A4696CA15B5953E003AB8FD /* Resources */,
				0A4696CB15B5953E003AB8FD /* Sources */,
				0A4696CC15B5953E003AB8FD /* Frameworks */,
				0A4696E915B5957B003AB8FD /* Copy Frameworks */,
				3C3074DB263C76BD00661748 /* Embed System Extensions */,
			);
			buildRules = (
			);
			dependencies = (
				0A4696EB15B59583003AB8FD /* PBXTargetDependency */,
				3C3074D9263C76BD00661748 /* PBXTargetDependency */,
			);
			name = Test;
			productName = Test;
			productReference = 0A4696CE15B5953E003AB8FD /* Test.app */;
			productType = "com.apple.product-type.application";
		};
		32D94FC30562CBF700B6AF17 /* wjoy */ = {
			isa = PBXNativeTarget;
			buildConfigurationList = 1DEB91D908733DB10010E9CD /* Build configuration list for PBXNativeTarget "wjoy" */;
			buildPhases = (
				32D94FC70562CBF700B6AF17 /* Resources */,
				32D94FC90562CBF700B6AF17 /* Sources */,
				32D94FCB0562CBF700B6AF17 /* Frameworks */,
			);
			buildRules = (
			);
			dependencies = (
			);
			name = wjoy;
			productInstallPath = "$(SYSTEM_LIBRARY_DIR)/Extensions";
			productName = wjoy;
			productReference = 32D94FD00562CBF700B6AF17 /* wjoy.kext */;
			productType = "com.apple.product-type.kernel-extension.iokit";
		};
		3C3074CD263C76BD00661748 /* wiicontroller */ = {
			isa = PBXNativeTarget;
			buildConfigurationList = 3C3074DE263C76BD00661748 /* Build configuration list for PBXNativeTarget "wiicontroller" */;
			buildPhases = (
				3C3074C9263C76BD00661748 /* Headers */,
				3C3074CA263C76BD00661748 /* Sources */,
				3C3074CB263C76BD00661748 /* Frameworks */,
				3C3074CC263C76BD00661748 /* Resources */,
			);
			buildRules = (
			);
			dependencies = (
			);
			name = wiicontroller;
			productName = wiicontroller;
			productReference = 3C3074CE263C76BD00661748 /* ca.igregory.WiiController.dext.dext */;
			productType = "com.apple.product-type.driver-extension";
		};
/* End PBXNativeTarget section */

/* Begin PBXProject section */
		089C1669FE841209C02AAC07 /* Project object */ = {
			isa = PBXProject;
			attributes = {
				LastUpgradeCheck = 1230;
				TargetAttributes = {
					32D94FC30562CBF700B6AF17 = {
						ProvisioningStyle = Automatic;
					};
					3C3074CD263C76BD00661748 = {
						CreatedOnToolsVersion = 12.3;
						ProvisioningStyle = Manual;
					};
				};
			};
			buildConfigurationList = 1DEB91DD08733DB10010E9CD /* Build configuration list for PBXProject "WirtualJoy" */;
			compatibilityVersion = "Xcode 8.0";
			developmentRegion = en;
			hasScannedForEncodings = 1;
			knownRegions = (
				fr,
				ja,
				Base,
				en,
				de,
			);
			mainGroup = 089C166AFE841209C02AAC07 /* wjoy */;
			projectDirPath = "";
			projectRoot = "";
			targets = (
				32D94FC30562CBF700B6AF17 /* wjoy */,
				0A46958D15B58CE1003AB8FD /* WJoyTool */,
				0A46960615B593A2003AB8FD /* WirtualJoy */,
				0A4696CD15B5953E003AB8FD /* Test */,
				3C3074CD263C76BD00661748 /* wiicontroller */,
			);
		};
/* End PBXProject section */

/* Begin PBXResourcesBuildPhase section */
		0A46960315B593A2003AB8FD /* Resources */ = {
			isa = PBXResourcesBuildPhase;
			buildActionMask = 2147483647;
			files = (
			);
			runOnlyForDeploymentPostprocessing = 0;
		};
		0A4696CA15B5953E003AB8FD /* Resources */ = {
			isa = PBXResourcesBuildPhase;
			buildActionMask = 2147483647;
			files = (
			);
			runOnlyForDeploymentPostprocessing = 0;
		};
		32D94FC70562CBF700B6AF17 /* Resources */ = {
			isa = PBXResourcesBuildPhase;
			buildActionMask = 2147483647;
			files = (
			);
			runOnlyForDeploymentPostprocessing = 0;
		};
		3C3074CC263C76BD00661748 /* Resources */ = {
			isa = PBXResourcesBuildPhase;
			buildActionMask = 2147483647;
			files = (
			);
			runOnlyForDeploymentPostprocessing = 0;
		};
/* End PBXResourcesBuildPhase section */

/* Begin PBXSourcesBuildPhase section */
		0A46958B15B58CE1003AB8FD /* Sources */ = {
			isa = PBXSourcesBuildPhase;
			buildActionMask = 2147483647;
			files = (
				0A46959415B58CEE003AB8FD /* WJoyToolMain.m in Sources */,
			);
			runOnlyForDeploymentPostprocessing = 0;
		};
		0A46960415B593A2003AB8FD /* Sources */ = {
			isa = PBXSourcesBuildPhase;
			buildActionMask = 2147483647;
			files = (
				0A46962015B593E7003AB8FD /* WJoyAdminToolRight.m in Sources */,
				0A46962115B593E7003AB8FD /* WJoyTool.m in Sources */,
				0A46962215B593E7003AB8FD /* WJoyDeviceImpl.m in Sources */,
				0A46962315B593E7003AB8FD /* WJoyDevice.m in Sources */,
				3C2B85BF263CF6C600713A24 /* DextManager.m in Sources */,
				ED2255043083DB9B8CAEA17D /* STPrivilegedTask.m in Sources */,
			);
			runOnlyForDeploymentPostprocessing = 0;
		};
		0A4696CB15B5953E003AB8FD /* Sources */ = {
			isa = PBXSourcesBuildPhase;
			buildActionMask = 2147483647;
			files = (
				0A4696F915B595F1003AB8FD /* test.m in Sources */,
			);
			runOnlyForDeploymentPostprocessing = 0;
		};
		32D94FC90562CBF700B6AF17 /* Sources */ = {
			isa = PBXSourcesBuildPhase;
			buildActionMask = 2147483647;
			files = (
				0A1CB29D15B00E7A0012FCC7 /* wirtual_joy.cpp in Sources */,
				0A1CB2C315B015BA0012FCC7 /* wirtual_joy_user_client.cpp in Sources */,
				0A1CB50615B03FA10012FCC7 /* wirtual_joy_device.cpp in Sources */,
			);
			runOnlyForDeploymentPostprocessing = 0;
		};
		3C3074CA263C76BD00661748 /* Sources */ = {
			isa = PBXSourcesBuildPhase;
			buildActionMask = 2147483647;
			files = (
				3C3074D3263C76BD00661748 /* ca_igregory_WiiController.cpp in Sources */,
				3C3074F5263CA94000661748 /* ca_igregory_WiiController_Device.cpp in Sources */,
				3C3074EB263C94E300661748 /* ca_igregory_WiiController_UserClient.cpp in Sources */,
				3C3074FB263CA94800661748 /* ca_igregory_WiiController_Device.iig in Sources */,
				3C3074E5263C925D00661748 /* ca_igregory_WiiController_UserClient.iig in Sources */,
				3C3074D5263C76BD00661748 /* ca_igregory_WiiController.iig in Sources */,
			);
			runOnlyForDeploymentPostprocessing = 0;
		};
/* End PBXSourcesBuildPhase section */

/* Begin PBXTargetDependency section */
		0A4696EB15B59583003AB8FD /* PBXTargetDependency */ = {
			isa = PBXTargetDependency;
			target = 0A46960615B593A2003AB8FD /* WirtualJoy */;
			targetProxy = 0A4696EA15B59583003AB8FD /* PBXContainerItemProxy */;
		};
		3C3074D9263C76BD00661748 /* PBXTargetDependency */ = {
			isa = PBXTargetDependency;
			target = 3C3074CD263C76BD00661748 /* wiicontroller */;
			targetProxy = 3C3074D8263C76BD00661748 /* PBXContainerItemProxy */;
		};
		3CDB42A4263E17F900496F63 /* PBXTargetDependency */ = {
			isa = PBXTargetDependency;
			target = 3C3074CD263C76BD00661748 /* wiicontroller */;
			targetProxy = 3CDB42A3263E17F900496F63 /* PBXContainerItemProxy */;
		};
/* End PBXTargetDependency section */

/* Begin XCBuildConfiguration section */
		0A46959015B58CE1003AB8FD /* Debug */ = {
			isa = XCBuildConfiguration;
			buildSettings = {
				ALWAYS_SEARCH_USER_PATHS = NO;
				CLANG_ENABLE_OBJC_ARC = YES;
				CODE_SIGN_IDENTITY = "-";
				COPY_PHASE_STRIP = NO;
				GCC_DYNAMIC_NO_PIC = NO;
				GCC_MODEL_TUNING = G5;
				GCC_OPTIMIZATION_LEVEL = 0;
				GCC_PRECOMPILE_PREFIX_HEADER = YES;
				GCC_PREFIX_HEADER = "$(SYSTEM_LIBRARY_DIR)/Frameworks/AppKit.framework/Headers/AppKit.h";
				INSTALL_PATH = /usr/local/bin;
				OTHER_LDFLAGS = (
					"-framework",
					Foundation,
					"-framework",
					AppKit,
					"-framework",
					IOKit,
				);
				PRODUCT_NAME = WJoyTool;
			};
			name = Debug;
		};
		0A46959115B58CE1003AB8FD /* Release */ = {
			isa = XCBuildConfiguration;
			buildSettings = {
				ALWAYS_SEARCH_USER_PATHS = NO;
				CLANG_ENABLE_OBJC_ARC = YES;
				CODE_SIGN_IDENTITY = "-";
				COPY_PHASE_STRIP = YES;
				DEBUG_INFORMATION_FORMAT = "dwarf-with-dsym";
				GCC_MODEL_TUNING = G5;
				GCC_PRECOMPILE_PREFIX_HEADER = YES;
				GCC_PREFIX_HEADER = "$(SYSTEM_LIBRARY_DIR)/Frameworks/AppKit.framework/Headers/AppKit.h";
				INSTALL_PATH = /usr/local/bin;
				OTHER_LDFLAGS = (
					"-framework",
					Foundation,
					"-framework",
					AppKit,
					"-framework",
					IOKit,
				);
				PRODUCT_NAME = WJoyTool;
				ZERO_LINK = NO;
			};
			name = Release;
		};
		0A46960A15B593A2003AB8FD /* Debug */ = {
			isa = XCBuildConfiguration;
			buildSettings = {
				ALWAYS_SEARCH_USER_PATHS = NO;
				CLANG_ENABLE_OBJC_ARC = YES;
				COPY_PHASE_STRIP = NO;
				CURRENT_PROJECT_VERSION = 4;
				DYLIB_COMPATIBILITY_VERSION = 1;
				DYLIB_CURRENT_VERSION = 1;
				FRAMEWORK_VERSION = A;
				GCC_DYNAMIC_NO_PIC = NO;
				GCC_MODEL_TUNING = G5;
				GCC_OPTIMIZATION_LEVEL = 0;
				GCC_PRECOMPILE_PREFIX_HEADER = YES;
				GCC_PREFIX_HEADER = "$(SYSTEM_LIBRARY_DIR)/Frameworks/AppKit.framework/Headers/AppKit.h";
				INFOPLIST_FILE = "WirtualJoy-Info.plist";
				INSTALL_PATH = "@executable_path/../Frameworks";
				MARKETING_VERSION = 3.0;
				OTHER_LDFLAGS = (
					"-framework",
					Foundation,
					"-framework",
					AppKit,
				);
				PRODUCT_BUNDLE_IDENTIFIER = "com.alxn1.${PRODUCT_NAME:rfc1034identifier}";
				PRODUCT_NAME = WirtualJoy;
			};
			name = Debug;
		};
		0A46960B15B593A2003AB8FD /* Release */ = {
			isa = XCBuildConfiguration;
			buildSettings = {
				ALWAYS_SEARCH_USER_PATHS = NO;
				CLANG_ENABLE_OBJC_ARC = YES;
				COPY_PHASE_STRIP = YES;
				CURRENT_PROJECT_VERSION = 4;
				DEBUG_INFORMATION_FORMAT = "dwarf-with-dsym";
				DYLIB_COMPATIBILITY_VERSION = 1;
				DYLIB_CURRENT_VERSION = 1;
				FRAMEWORK_VERSION = A;
				GCC_MODEL_TUNING = G5;
				GCC_PRECOMPILE_PREFIX_HEADER = YES;
				GCC_PREFIX_HEADER = "$(SYSTEM_LIBRARY_DIR)/Frameworks/AppKit.framework/Headers/AppKit.h";
				INFOPLIST_FILE = "WirtualJoy-Info.plist";
				INSTALL_PATH = "@executable_path/../Frameworks";
				MARKETING_VERSION = 3.0;
				OTHER_LDFLAGS = (
					"-framework",
					Foundation,
					"-framework",
					AppKit,
				);
				PRODUCT_BUNDLE_IDENTIFIER = "com.alxn1.${PRODUCT_NAME:rfc1034identifier}";
				PRODUCT_NAME = WirtualJoy;
				ZERO_LINK = NO;
			};
			name = Release;
		};
		0A4696D115B5953F003AB8FD /* Debug */ = {
			isa = XCBuildConfiguration;
			buildSettings = {
				ALWAYS_SEARCH_USER_PATHS = NO;
				CLANG_ENABLE_OBJC_WEAK = YES;
				CODE_SIGN_IDENTITY = "-";
				COPY_PHASE_STRIP = NO;
				CURRENT_PROJECT_VERSION = 4;
				GCC_DYNAMIC_NO_PIC = NO;
				GCC_MODEL_TUNING = G5;
				GCC_OPTIMIZATION_LEVEL = 0;
				GCC_PRECOMPILE_PREFIX_HEADER = YES;
				GCC_PREFIX_HEADER = "$(SYSTEM_LIBRARY_DIR)/Frameworks/AppKit.framework/Headers/AppKit.h";
				INFOPLIST_FILE = "Test-Info.plist";
				INSTALL_PATH = "$(HOME)/Applications";
				MARKETING_VERSION = 3.0;
				OTHER_LDFLAGS = (
					"-framework",
					Foundation,
					"-framework",
					AppKit,
				);
				PRODUCT_BUNDLE_IDENTIFIER = "com.alxn1.${PRODUCT_NAME:rfc1034identifier}";
				PRODUCT_NAME = Test;
			};
			name = Debug;
		};
		0A4696D215B5953F003AB8FD /* Release */ = {
			isa = XCBuildConfiguration;
			buildSettings = {
				ALWAYS_SEARCH_USER_PATHS = NO;
				CLANG_ENABLE_OBJC_WEAK = YES;
				CODE_SIGN_IDENTITY = "-";
				COPY_PHASE_STRIP = YES;
				CURRENT_PROJECT_VERSION = 4;
				DEBUG_INFORMATION_FORMAT = "dwarf-with-dsym";
				GCC_MODEL_TUNING = G5;
				GCC_PRECOMPILE_PREFIX_HEADER = YES;
				GCC_PREFIX_HEADER = "$(SYSTEM_LIBRARY_DIR)/Frameworks/AppKit.framework/Headers/AppKit.h";
				INFOPLIST_FILE = "Test-Info.plist";
				INSTALL_PATH = "$(HOME)/Applications";
				MARKETING_VERSION = 3.0;
				OTHER_LDFLAGS = (
					"-framework",
					Foundation,
					"-framework",
					AppKit,
				);
				PRODUCT_BUNDLE_IDENTIFIER = "com.alxn1.${PRODUCT_NAME:rfc1034identifier}";
				PRODUCT_NAME = Test;
				ZERO_LINK = NO;
			};
			name = Release;
		};
		1DEB91DA08733DB10010E9CD /* Debug */ = {
			isa = XCBuildConfiguration;
			buildSettings = {
				ALWAYS_SEARCH_USER_PATHS = NO;
				ARCHS = x86_64;
				CLANG_ANALYZER_DEADCODE_DEADSTORES = NO;
				CLANG_ANALYZER_DIVIDE_BY_ZERO = NO;
				CLANG_ANALYZER_NULL_DEREFERENCE = NO;
				CLANG_ENABLE_OBJC_ARC = YES;
				CODE_SIGN_IDENTITY = "-";
				CODE_SIGN_STYLE = Automatic;
				COPY_PHASE_STRIP = NO;
				CURRENT_PROJECT_VERSION = 4;
				DEBUG_INFORMATION_FORMAT = "dwarf-with-dsym";
				DEVELOPMENT_TEAM = "";
				GCC_DYNAMIC_NO_PIC = NO;
				GCC_ENABLE_KERNEL_DEVELOPMENT = NO;
				GCC_MODEL_TUNING = G5;
				GCC_OPTIMIZATION_LEVEL = 0;
				INFOPLIST_FILE = Info.plist;
				INSTALL_PATH = /Library/Extensions;
				MARKETING_VERSION = 3.1.0;
				MODULE_NAME = com.alxn1.driver.wjoy;
				MODULE_VERSION = 2.0.0;
				PRODUCT_BUNDLE_IDENTIFIER = "com.alxn1.driver.${PRODUCT_NAME:rfc1034Identifier}";
				PRODUCT_NAME = wjoy;
				PROVISIONING_PROFILE_SPECIFIER = "";
				RUN_CLANG_STATIC_ANALYZER = YES;
				SDKROOT = macosx10.11;
				WRAPPER_EXTENSION = kext;
			};
			name = Debug;
		};
		1DEB91DB08733DB10010E9CD /* Release */ = {
			isa = XCBuildConfiguration;
			buildSettings = {
				ALWAYS_SEARCH_USER_PATHS = NO;
				ARCHS = x86_64;
				CLANG_ENABLE_OBJC_ARC = YES;
				CODE_SIGN_IDENTITY = "-";
				CODE_SIGN_STYLE = Automatic;
				CURRENT_PROJECT_VERSION = 4;
				DEBUG_INFORMATION_FORMAT = "dwarf-with-dsym";
				DEVELOPMENT_TEAM = "";
				GCC_MODEL_TUNING = G5;
				INFOPLIST_FILE = Info.plist;
				INSTALL_PATH = /Library/Extensions;
				MARKETING_VERSION = 3.1.0;
				MODULE_NAME = com.alxn1.driver.wjoy;
				MODULE_VERSION = 2.0.0;
				PRODUCT_BUNDLE_IDENTIFIER = "com.alxn1.driver.${PRODUCT_NAME:rfc1034Identifier}";
				PRODUCT_NAME = wjoy;
				PROVISIONING_PROFILE_SPECIFIER = "";
				SDKROOT = macosx10.11;
				WRAPPER_EXTENSION = kext;
			};
			name = Release;
		};
		1DEB91DE08733DB10010E9CD /* Debug */ = {
			isa = XCBuildConfiguration;
			buildSettings = {
				ARCHS = "$(ARCHS_STANDARD)";
				CLANG_ANALYZER_LOCALIZABILITY_NONLOCALIZED = YES;
				CLANG_WARN_BLOCK_CAPTURE_AUTORELEASING = YES;
				CLANG_WARN_BOOL_CONVERSION = YES;
				CLANG_WARN_COMMA = YES;
				CLANG_WARN_CONSTANT_CONVERSION = YES;
				CLANG_WARN_DEPRECATED_OBJC_IMPLEMENTATIONS = YES;
				CLANG_WARN_EMPTY_BODY = YES;
				CLANG_WARN_ENUM_CONVERSION = YES;
				CLANG_WARN_INFINITE_RECURSION = YES;
				CLANG_WARN_INT_CONVERSION = YES;
				CLANG_WARN_NON_LITERAL_NULL_CONVERSION = YES;
				CLANG_WARN_OBJC_IMPLICIT_RETAIN_SELF = YES;
				CLANG_WARN_OBJC_LITERAL_CONVERSION = YES;
				CLANG_WARN_QUOTED_INCLUDE_IN_FRAMEWORK_HEADER = YES;
				CLANG_WARN_RANGE_LOOP_ANALYSIS = YES;
				CLANG_WARN_STRICT_PROTOTYPES = YES;
				CLANG_WARN_SUSPICIOUS_MOVE = YES;
				CLANG_WARN_UNREACHABLE_CODE = YES;
				CLANG_WARN__DUPLICATE_METHOD_MATCH = YES;
				ENABLE_STRICT_OBJC_MSGSEND = YES;
				ENABLE_TESTABILITY = YES;
				GCC_C_LANGUAGE_STANDARD = gnu99;
				GCC_NO_COMMON_BLOCKS = YES;
				GCC_OPTIMIZATION_LEVEL = 0;
				GCC_WARN_64_TO_32_BIT_CONVERSION = YES;
				GCC_WARN_ABOUT_RETURN_TYPE = YES;
				GCC_WARN_UNDECLARED_SELECTOR = YES;
				GCC_WARN_UNINITIALIZED_AUTOS = YES;
				GCC_WARN_UNUSED_FUNCTION = YES;
				GCC_WARN_UNUSED_VARIABLE = YES;
				MACOSX_DEPLOYMENT_TARGET = 10.15;
				ONLY_ACTIVE_ARCH = YES;
				OTHER_CFLAGS = "-DDEBUG";
				SDKROOT = macosx;
			};
			name = Debug;
		};
		1DEB91DF08733DB10010E9CD /* Release */ = {
			isa = XCBuildConfiguration;
			buildSettings = {
				ARCHS = "$(ARCHS_STANDARD)";
				CLANG_ANALYZER_LOCALIZABILITY_NONLOCALIZED = YES;
				CLANG_WARN_BLOCK_CAPTURE_AUTORELEASING = YES;
				CLANG_WARN_BOOL_CONVERSION = YES;
				CLANG_WARN_COMMA = YES;
				CLANG_WARN_CONSTANT_CONVERSION = YES;
				CLANG_WARN_DEPRECATED_OBJC_IMPLEMENTATIONS = YES;
				CLANG_WARN_EMPTY_BODY = YES;
				CLANG_WARN_ENUM_CONVERSION = YES;
				CLANG_WARN_INFINITE_RECURSION = YES;
				CLANG_WARN_INT_CONVERSION = YES;
				CLANG_WARN_NON_LITERAL_NULL_CONVERSION = YES;
				CLANG_WARN_OBJC_IMPLICIT_RETAIN_SELF = YES;
				CLANG_WARN_OBJC_LITERAL_CONVERSION = YES;
				CLANG_WARN_QUOTED_INCLUDE_IN_FRAMEWORK_HEADER = YES;
				CLANG_WARN_RANGE_LOOP_ANALYSIS = YES;
				CLANG_WARN_STRICT_PROTOTYPES = YES;
				CLANG_WARN_SUSPICIOUS_MOVE = YES;
				CLANG_WARN_UNREACHABLE_CODE = YES;
				CLANG_WARN__DUPLICATE_METHOD_MATCH = YES;
				ENABLE_STRICT_OBJC_MSGSEND = YES;
				GCC_C_LANGUAGE_STANDARD = gnu99;
				GCC_NO_COMMON_BLOCKS = YES;
				GCC_WARN_64_TO_32_BIT_CONVERSION = YES;
				GCC_WARN_ABOUT_RETURN_TYPE = YES;
				GCC_WARN_UNDECLARED_SELECTOR = YES;
				GCC_WARN_UNINITIALIZED_AUTOS = YES;
				GCC_WARN_UNUSED_FUNCTION = YES;
				GCC_WARN_UNUSED_VARIABLE = YES;
				MACOSX_DEPLOYMENT_TARGET = 10.15;
				SDKROOT = macosx;
			};
			name = Release;
		};
		3C3074DC263C76BD00661748 /* Debug */ = {
			isa = XCBuildConfiguration;
			buildSettings = {
				AD_HOC_CODE_SIGNING_ALLOWED = YES;
				ALWAYS_SEARCH_USER_PATHS = NO;
				CLANG_ANALYZER_NONNULL = YES;
				CLANG_ANALYZER_NUMBER_OBJECT_CONVERSION = YES_AGGRESSIVE;
				CLANG_CXX_LANGUAGE_STANDARD = "gnu++17";
				CLANG_CXX_LIBRARY = "libc++";
				CLANG_ENABLE_MODULES = YES;
				CLANG_ENABLE_OBJC_ARC = YES;
				CLANG_ENABLE_OBJC_WEAK = YES;
				CLANG_WARN_DIRECT_OBJC_ISA_USAGE = YES_ERROR;
				CLANG_WARN_DOCUMENTATION_COMMENTS = YES;
				CLANG_WARN_OBJC_ROOT_CLASS = YES_ERROR;
				CLANG_WARN_UNGUARDED_AVAILABILITY = YES_AGGRESSIVE;
				CODE_SIGN_ENTITLEMENTS = dext/wiicontroller.entitlements;
				CODE_SIGN_IDENTITY = "-";
				CODE_SIGN_STYLE = Manual;
				COPY_PHASE_STRIP = NO;
				DEBUG_INFORMATION_FORMAT = dwarf;
				DEVELOPMENT_TEAM = "";
				DRIVERKIT_DEPLOYMENT_TARGET = 19.0;
				FRAMEWORK_SEARCH_PATHS = (
					"$(inherited)",
					"$(SDKROOT)/System/DriverKit/System/Library/Frameworks",
				);
				GCC_C_LANGUAGE_STANDARD = gnu11;
				GCC_DYNAMIC_NO_PIC = NO;
				GCC_PREPROCESSOR_DEFINITIONS = (
					"DEBUG=1",
					"$(inherited)",
				);
				GCC_WARN_ABOUT_RETURN_TYPE = YES_ERROR;
				GCC_WARN_UNINITIALIZED_AUTOS = YES_AGGRESSIVE;
				INFOPLIST_FILE = dext/Info.plist;
				MARKETING_VERSION = 1.0.0;
				MTL_ENABLE_DEBUG_INFO = INCLUDE_SOURCE;
				MTL_FAST_MATH = YES;
				PRODUCT_BUNDLE_IDENTIFIER = ca.igregory.WiiController.dext;
				PRODUCT_NAME = "$(inherited)";
				PROVISIONING_PROFILE_SPECIFIER = "";
				RUN_CLANG_STATIC_ANALYZER = YES;
				SDKROOT = driverkit;
				SKIP_INSTALL = YES;
			};
			name = Debug;
		};
		3C3074DD263C76BD00661748 /* Release */ = {
			isa = XCBuildConfiguration;
			buildSettings = {
				AD_HOC_CODE_SIGNING_ALLOWED = YES;
				ALWAYS_SEARCH_USER_PATHS = NO;
				CLANG_ANALYZER_NONNULL = YES;
				CLANG_ANALYZER_NUMBER_OBJECT_CONVERSION = YES_AGGRESSIVE;
				CLANG_CXX_LANGUAGE_STANDARD = "gnu++17";
				CLANG_CXX_LIBRARY = "libc++";
				CLANG_ENABLE_MODULES = YES;
				CLANG_ENABLE_OBJC_ARC = YES;
				CLANG_ENABLE_OBJC_WEAK = YES;
				CLANG_WARN_DIRECT_OBJC_ISA_USAGE = YES_ERROR;
				CLANG_WARN_DOCUMENTATION_COMMENTS = YES;
				CLANG_WARN_OBJC_ROOT_CLASS = YES_ERROR;
				CLANG_WARN_UNGUARDED_AVAILABILITY = YES_AGGRESSIVE;
				CODE_SIGN_ENTITLEMENTS = dext/wiicontroller.entitlements;
				CODE_SIGN_IDENTITY = "-";
				CODE_SIGN_STYLE = Manual;
				COPY_PHASE_STRIP = NO;
				DEBUG_INFORMATION_FORMAT = "dwarf-with-dsym";
				DEVELOPMENT_TEAM = "";
				DRIVERKIT_DEPLOYMENT_TARGET = 19.0;
				ENABLE_NS_ASSERTIONS = NO;
				FRAMEWORK_SEARCH_PATHS = (
					"$(inherited)",
					"$(SDKROOT)/System/DriverKit/System/Library/Frameworks",
				);
				GCC_C_LANGUAGE_STANDARD = gnu11;
				GCC_WARN_ABOUT_RETURN_TYPE = YES_ERROR;
				GCC_WARN_UNINITIALIZED_AUTOS = YES_AGGRESSIVE;
				INFOPLIST_FILE = dext/Info.plist;
				MARKETING_VERSION = 1.0.0;
				MTL_ENABLE_DEBUG_INFO = NO;
				MTL_FAST_MATH = YES;
				PRODUCT_BUNDLE_IDENTIFIER = ca.igregory.WiiController.dext;
				PRODUCT_NAME = "$(inherited)";
				PROVISIONING_PROFILE_SPECIFIER = "";
				RUN_CLANG_STATIC_ANALYZER = YES;
				SDKROOT = driverkit;
				SKIP_INSTALL = YES;
			};
			name = Release;
		};
/* End XCBuildConfiguration section */

/* Begin XCConfigurationList section */
		0A46959215B58CEC003AB8FD /* Build configuration list for PBXNativeTarget "WJoyTool" */ = {
			isa = XCConfigurationList;
			buildConfigurations = (
				0A46959015B58CE1003AB8FD /* Debug */,
				0A46959115B58CE1003AB8FD /* Release */,
			);
			defaultConfigurationIsVisible = 0;
			defaultConfigurationName = Release;
		};
		0A46960C15B593A2003AB8FD /* Build configuration list for PBXNativeTarget "WirtualJoy" */ = {
			isa = XCConfigurationList;
			buildConfigurations = (
				0A46960A15B593A2003AB8FD /* Debug */,
				0A46960B15B593A2003AB8FD /* Release */,
			);
			defaultConfigurationIsVisible = 0;
			defaultConfigurationName = Release;
		};
		0A4696D315B5953F003AB8FD /* Build configuration list for PBXNativeTarget "Test" */ = {
			isa = XCConfigurationList;
			buildConfigurations = (
				0A4696D115B5953F003AB8FD /* Debug */,
				0A4696D215B5953F003AB8FD /* Release */,
			);
			defaultConfigurationIsVisible = 0;
			defaultConfigurationName = Release;
		};
		1DEB91D908733DB10010E9CD /* Build configuration list for PBXNativeTarget "wjoy" */ = {
			isa = XCConfigurationList;
			buildConfigurations = (
				1DEB91DA08733DB10010E9CD /* Debug */,
				1DEB91DB08733DB10010E9CD /* Release */,
			);
			defaultConfigurationIsVisible = 0;
			defaultConfigurationName = Release;
		};
		1DEB91DD08733DB10010E9CD /* Build configuration list for PBXProject "WirtualJoy" */ = {
			isa = XCConfigurationList;
			buildConfigurations = (
				1DEB91DE08733DB10010E9CD /* Debug */,
				1DEB91DF08733DB10010E9CD /* Release */,
			);
			defaultConfigurationIsVisible = 0;
			defaultConfigurationName = Release;
		};
		3C3074DE263C76BD00661748 /* Build configuration list for PBXNativeTarget "wiicontroller" */ = {
			isa = XCConfigurationList;
			buildConfigurations = (
				3C3074DC263C76BD00661748 /* Debug */,
				3C3074DD263C76BD00661748 /* Release */,
			);
			defaultConfigurationIsVisible = 0;
			defaultConfigurationName = Release;
		};
/* End XCConfigurationList section */
	};
	rootObject = 089C1669FE841209C02AAC07 /* Project object */;
}
